
Microsoft Visual Studio Solution File, Format Version 12.00
# Visual Studio 15
VisualStudioVersion = 15.0.27428.2037
MinimumVisualStudioVersion = 10.0.40219.1
Project("{FAE04EC0-301F-11D3-BF4B-00C04F79EFBC}") = "MemoryTest", "WindowsFormsApp1\MemoryTest.csproj", "{030FD9E0-2D16-4DCE-BFCF-C24A38030218}"
EndProject
Global
	GlobalSection(SolutionConfigurationPlatforms) = preSolution
		Debug|Any CPU = Debug|Any CPU
		Release|Any CPU = Release|Any CPU
	EndGlobalSection
	GlobalSection(ProjectConfigurationPlatforms) = postSolution
		{030FD9E0-2D16-4DCE-BFCF-C24A38030218}.Debug|Any CPU.ActiveCfg = Debug|Any CPU
		{030FD9E0-2D16-4DCE-BFCF-C24A38030218}.Debug|Any CPU.Build.0 = Debug|Any CPU
		{030FD9E0-2D16-4DCE-BFCF-C24A38030218}.Release|Any CPU.ActiveCfg = Release|Any CPU
		{030FD9E0-2D16-4DCE-BFCF-C24A38030218}.Release|Any CPU.Build.0 = Release|Any CPU
	EndGlobalSection
	GlobalSection(SolutionProperties) = preSolution
		HideSolutionNode = FALSE
	EndGlobalSection
	GlobalSection(ExtensibilityGlobals) = postSolution
		SolutionGuid = {015D73CC-8BCB-4BDC-8919-5CC2F20DD9B5}
	EndGlobalSection
EndGlobal
